{
  "name": "table-component",
  "version": "1.0.0",
  "lockfileVersion": 1,
  "requires": true,
  "dependencies": {
    "lit-element": {
      "version": "2.3.1",
      "resolved": "https://registry.npmjs.org/lit-element/-/lit-element-2.3.1.tgz",
      "integrity": "sha512-tOcUAmeO3BzwiQ7FGWdsshNvC0HVHcTFYw/TLIImmKwXYoV0E7zCBASa8IJ7DiP4cen/Yoj454gS0qqTnIGsFA==",
      "requires": {
        "lit-html": "^1.1.1"
      }
    },
    "lit-html": {
      "version": "1.2.1",
      "resolved": "https://registry.npmjs.org/lit-html/-/lit-html-1.2.1.tgz",
      "integrity": "sha512-GSJHHXMGLZDzTRq59IUfL9FCdAlGfqNp/dEa7k7aBaaWD+JKaCjsAk9KYm2V12ItonVaYx2dprN66Zdm1AuBTQ=="
    },
    "s5-js": {
      "version": "2.0.24",
      "resolved": "https://registry.npmjs.org/s5-js/-/s5-js-2.0.24.tgz",
      "integrity": "sha512-WldK7wxX/bqq16SJ/0yCn7buryUJLwu/mb70PkyZqT0xwyA1Nh3PKVLAhjdjLkmvesORHusx1WxnlyT2LHpBCQ=="
    }
  }
}
